
Microsoft Visual Studio Solution File, Format Version 12.00
# Visual Studio 15
VisualStudioVersion = 15.0.25807.0
MinimumVisualStudioVersion = 10.0.40219.1
Project("{2150E333-8FDC-42A3-9474-1A3956D46DE8}") = "Engine", "Engine", "{E1BB321B-87F5-4ED7-AD56-2E743171B99F}"
EndProject
Project("{2150E333-8FDC-42A3-9474-1A3956D46DE8}") = "Games", "Games", "{49DEE2B1-D9FD-4103-8F90-0AF5D24F4D91}"
EndProject
Project("{8BC9CEB8-8B4A-11D0-8D11-00A0C91BC942}") = "UE4", "Intermediate\ProjectFiles\UE4.vcxproj", "{84F4AB51-4488-471C-8AF4-2F923954B728}"
EndProject
Project("{8BC9CEB8-8B4A-11D0-8D11-00A0C91BC942}") = "MyPro", "Intermediate\ProjectFiles\MyPro.vcxproj", "{DDDB4F1A-B9F6-4B16-BEEC-ABDF35FBCFB2}"
EndProject
Global
	GlobalSection(SolutionConfigurationPlatforms) = preSolution
		DebugGame Editor|HTML5 = DebugGame Editor|HTML5
		DebugGame Editor|Win32 = DebugGame Editor|Win32
		DebugGame Editor|Win64 = DebugGame Editor|Win64
		DebugGame|HTML5 = DebugGame|HTML5
		DebugGame|Win32 = DebugGame|Win32
		DebugGame|Win64 = DebugGame|Win64
		Development Editor|HTML5 = Development Editor|HTML5
		Development Editor|Win32 = Development Editor|Win32
		Development Editor|Win64 = Development Editor|Win64
		Development|HTML5 = Development|HTML5
		Development|Win32 = Development|Win32
		Development|Win64 = Development|Win64
		Shipping|HTML5 = Shipping|HTML5
		Shipping|Win32 = Shipping|Win32
		Shipping|Win64 = Shipping|Win64
	EndGlobalSection
	GlobalSection(ProjectConfigurationPlatforms) = postSolution
		{DDDB4F1A-B9F6-4B16-BEEC-ABDF35FBCFB2}.DebugGame Editor|HTML5.ActiveCfg = HTML5_DebugGame_Editor|Win32
		{DDDB4F1A-B9F6-4B16-BEEC-ABDF35FBCFB2}.DebugGame Editor|Win32.ActiveCfg = DebugGame_Editor|Win32
		{DDDB4F1A-B9F6-4B16-BEEC-ABDF35FBCFB2}.DebugGame Editor|Win64.ActiveCfg = DebugGame_Editor|x64
		{DDDB4F1A-B9F6-4B16-BEEC-ABDF35FBCFB2}.DebugGame Editor|Win64.Build.0 = DebugGame_Editor|x64
		{DDDB4F1A-B9F6-4B16-BEEC-ABDF35FBCFB2}.DebugGame|HTML5.ActiveCfg = HTML5_DebugGame_Game|Win32
		{DDDB4F1A-B9F6-4B16-BEEC-ABDF35FBCFB2}.DebugGame|HTML5.Build.0 = HTML5_DebugGame_Game|Win32
		{DDDB4F1A-B9F6-4B16-BEEC-ABDF35FBCFB2}.DebugGame|Win32.ActiveCfg = DebugGame_Game|Win32
		{DDDB4F1A-B9F6-4B16-BEEC-ABDF35FBCFB2}.DebugGame|Win32.Build.0 = DebugGame_Game|Win32
		{DDDB4F1A-B9F6-4B16-BEEC-ABDF35FBCFB2}.DebugGame|Win64.ActiveCfg = DebugGame_Game|x64
		{DDDB4F1A-B9F6-4B16-BEEC-ABDF35FBCFB2}.DebugGame|Win64.Build.0 = DebugGame_Game|x64
		{DDDB4F1A-B9F6-4B16-BEEC-ABDF35FBCFB2}.Development Editor|HTML5.ActiveCfg = HTML5_Development_Editor|Win32
		{DDDB4F1A-B9F6-4B16-BEEC-ABDF35FBCFB2}.Development Editor|Win32.ActiveCfg = Development_Editor|Win32
		{DDDB4F1A-B9F6-4B16-BEEC-ABDF35FBCFB2}.Development Editor|Win64.ActiveCfg = Development_Editor|x64
		{DDDB4F1A-B9F6-4B16-BEEC-ABDF35FBCFB2}.Development Editor|Win64.Build.0 = Development_Editor|x64
		{DDDB4F1A-B9F6-4B16-BEEC-ABDF35FBCFB2}.Development|HTML5.ActiveCfg = HTML5_Development_Game|Win32
		{DDDB4F1A-B9F6-4B16-BEEC-ABDF35FBCFB2}.Development|HTML5.Build.0 = HTML5_Development_Game|Win32
		{DDDB4F1A-B9F6-4B16-BEEC-ABDF35FBCFB2}.Development|Win32.ActiveCfg = Development_Game|Win32
		{DDDB4F1A-B9F6-4B16-BEEC-ABDF35FBCFB2}.Development|Win32.Build.0 = Development_Game|Win32
		{DDDB4F1A-B9F6-4B16-BEEC-ABDF35FBCFB2}.Development|Win64.ActiveCfg = Development_Game|x64
		{DDDB4F1A-B9F6-4B16-BEEC-ABDF35FBCFB2}.Development|Win64.Build.0 = Development_Game|x64
		{DDDB4F1A-B9F6-4B16-BEEC-ABDF35FBCFB2}.Shipping|HTML5.ActiveCfg = HTML5_Shipping_Game|Win32
		{DDDB4F1A-B9F6-4B16-BEEC-ABDF35FBCFB2}.Shipping|HTML5.Build.0 = HTML5_Shipping_Game|Win32
		{DDDB4F1A-B9F6-4B16-BEEC-ABDF35FBCFB2}.Shipping|Win32.ActiveCfg = Shipping_Game|Win32
		{DDDB4F1A-B9F6-4B16-BEEC-ABDF35FBCFB2}.Shipping|Win32.Build.0 = Shipping_Game|Win32
		{DDDB4F1A-B9F6-4B16-BEEC-ABDF35FBCFB2}.Shipping|Win64.ActiveCfg = Shipping_Game|x64
		{DDDB4F1A-B9F6-4B16-BEEC-ABDF35FBCFB2}.Shipping|Win64.Build.0 = Shipping_Game|x64
	EndGlobalSection
	GlobalSection(SolutionProperties) = preSolution
		HideSolutionNode = FALSE
	EndGlobalSection
	GlobalSection(NestedProjects) = preSolution
		{84F4AB51-4488-471C-8AF4-2F923954B728} = {E1BB321B-87F5-4ED7-AD56-2E743171B99F}
		{DDDB4F1A-B9F6-4B16-BEEC-ABDF35FBCFB2} = {49DEE2B1-D9FD-4103-8F90-0AF5D24F4D91}
	EndGlobalSection
EndGlobal
